
Microsoft Visual Studio Solution File, Format Version 12.00
# Visual Studio Version 17
VisualStudioVersion = 17.8.34525.116
MinimumVisualStudioVersion = 10.0.40219.1
Project("{9A19103F-16F7-4668-BE54-9A1E7A4F7556}") = "Catalog.Host", "Catalog.Host.csproj", "{A3EC9BAA-679A-4545-95F3-91F65A0BA0FE}"
EndProject
Project("{2150E333-8FDC-42A3-9474-1A3956D46DE8}") = "Catalog", "Catalog", "{A6781F19-4200-402F-AF3D-D2452C531BF7}"
EndProject
Project("{2150E333-8FDC-42A3-9474-1A3956D46DE8}") = "Infrastructure", "Infrastructure", "{5D3A4E0F-5365-49C9-9175-DDC95B3C8B75}"
EndProject
Project("{9A19103F-16F7-4668-BE54-9A1E7A4F7556}") = "Infrastucture", "..\Infrastucture\Infrastucture.csproj", "{97B66DFC-3EEC-4DA1-A540-F86882DD1861}"
EndProject
Global
	GlobalSection(SolutionConfigurationPlatforms) = preSolution
		Debug|Any CPU = Debug|Any CPU
		Debug|x86 = Debug|x86
		Release|Any CPU = Release|Any CPU
		Release|x86 = Release|x86
	EndGlobalSection
	GlobalSection(ProjectConfigurationPlatforms) = postSolution
		{A3EC9BAA-679A-4545-95F3-91F65A0BA0FE}.Debug|Any CPU.ActiveCfg = Debug|Any CPU
		{A3EC9BAA-679A-4545-95F3-91F65A0BA0FE}.Debug|Any CPU.Build.0 = Debug|Any CPU
		{A3EC9BAA-679A-4545-95F3-91F65A0BA0FE}.Debug|x86.ActiveCfg = Debug|Any CPU
		{A3EC9BAA-679A-4545-95F3-91F65A0BA0FE}.Debug|x86.Build.0 = Debug|Any CPU
		{A3EC9BAA-679A-4545-95F3-91F65A0BA0FE}.Release|Any CPU.ActiveCfg = Release|Any CPU
		{A3EC9BAA-679A-4545-95F3-91F65A0BA0FE}.Release|Any CPU.Build.0 = Release|Any CPU
		{A3EC9BAA-679A-4545-95F3-91F65A0BA0FE}.Release|x86.ActiveCfg = Release|Any CPU
		{A3EC9BAA-679A-4545-95F3-91F65A0BA0FE}.Release|x86.Build.0 = Release|Any CPU
		{97B66DFC-3EEC-4DA1-A540-F86882DD1861}.Debug|Any CPU.ActiveCfg = Debug|Any CPU
		{97B66DFC-3EEC-4DA1-A540-F86882DD1861}.Debug|Any CPU.Build.0 = Debug|Any CPU
		{97B66DFC-3EEC-4DA1-A540-F86882DD1861}.Debug|x86.ActiveCfg = Debug|Any CPU
		{97B66DFC-3EEC-4DA1-A540-F86882DD1861}.Debug|x86.Build.0 = Debug|Any CPU
		{97B66DFC-3EEC-4DA1-A540-F86882DD1861}.Release|Any CPU.ActiveCfg = Release|Any CPU
		{97B66DFC-3EEC-4DA1-A540-F86882DD1861}.Release|Any CPU.Build.0 = Release|Any CPU
		{97B66DFC-3EEC-4DA1-A540-F86882DD1861}.Release|x86.ActiveCfg = Release|Any CPU
		{97B66DFC-3EEC-4DA1-A540-F86882DD1861}.Release|x86.Build.0 = Release|Any CPU
	EndGlobalSection
	GlobalSection(SolutionProperties) = preSolution
		HideSolutionNode = FALSE
	EndGlobalSection
	GlobalSection(NestedProjects) = preSolution
		{A3EC9BAA-679A-4545-95F3-91F65A0BA0FE} = {A6781F19-4200-402F-AF3D-D2452C531BF7}
		{97B66DFC-3EEC-4DA1-A540-F86882DD1861} = {5D3A4E0F-5365-49C9-9175-DDC95B3C8B75}
	EndGlobalSection
	GlobalSection(ExtensibilityGlobals) = postSolution
		SolutionGuid = {68EC1756-3349-42B9-A5AA-0E3CBD700C78}
	EndGlobalSection
EndGlobal
