
Microsoft Visual Studio Solution File, Format Version 12.00
# Visual Studio Version 17
VisualStudioVersion = 17.8.34525.116
MinimumVisualStudioVersion = 10.0.40219.1
Project("{2150E333-8FDC-42A3-9474-1A3956D46DE8}") = "Catalog", "Catalog", "{A6781F19-4200-402F-AF3D-D2452C531BF7}"
EndProject
Project("{2150E333-8FDC-42A3-9474-1A3956D46DE8}") = "Infrastructure", "Infrastructure", "{5D3A4E0F-5365-49C9-9175-DDC95B3C8B75}"
EndProject
Project("{2150E333-8FDC-42A3-9474-1A3956D46DE8}") = "Solution Items", "Solution Items", "{F8D09AE0-3A33-4470-8801-EB5889CE0059}"
	ProjectSection(SolutionItems) = preProject
		Docker-compose.yml = Docker-compose.yml
		Instruction.txt = Instruction.txt
	EndProjectSection
EndProject
Project("{9A19103F-16F7-4668-BE54-9A1E7A4F7556}") = "Catalog.Host", "Catalog\Catalog.Host.csproj", "{86AEFD66-D1B4-4AC1-B7C3-568F6F932770}"
EndProject
Project("{9A19103F-16F7-4668-BE54-9A1E7A4F7556}") = "Infrastucture", "Infrastucture\Infrastucture.csproj", "{58EB7009-60E7-41CC-B9CE-466D10950403}"
EndProject
Project("{2150E333-8FDC-42A3-9474-1A3956D46DE8}") = "Basket", "Basket", "{952F52C5-BFC8-4208-BB2D-1D8A03AB3EAA}"
EndProject
Project("{FAE04EC0-301F-11D3-BF4B-00C04F79EFBC}") = "Basket.Host", "Basket.Host\Basket.Host.csproj", "{03FDEAE4-41C8-4D01-B18F-C2FDC0CF576E}"
EndProject
Global
	GlobalSection(SolutionConfigurationPlatforms) = preSolution
		Debug|Any CPU = Debug|Any CPU
		Debug|x86 = Debug|x86
		Release|Any CPU = Release|Any CPU
		Release|x86 = Release|x86
	EndGlobalSection
	GlobalSection(ProjectConfigurationPlatforms) = postSolution
		{86AEFD66-D1B4-4AC1-B7C3-568F6F932770}.Debug|Any CPU.ActiveCfg = Debug|Any CPU
		{86AEFD66-D1B4-4AC1-B7C3-568F6F932770}.Debug|Any CPU.Build.0 = Debug|Any CPU
		{86AEFD66-D1B4-4AC1-B7C3-568F6F932770}.Debug|x86.ActiveCfg = Debug|Any CPU
		{86AEFD66-D1B4-4AC1-B7C3-568F6F932770}.Debug|x86.Build.0 = Debug|Any CPU
		{86AEFD66-D1B4-4AC1-B7C3-568F6F932770}.Release|Any CPU.ActiveCfg = Release|Any CPU
		{86AEFD66-D1B4-4AC1-B7C3-568F6F932770}.Release|Any CPU.Build.0 = Release|Any CPU
		{86AEFD66-D1B4-4AC1-B7C3-568F6F932770}.Release|x86.ActiveCfg = Release|Any CPU
		{86AEFD66-D1B4-4AC1-B7C3-568F6F932770}.Release|x86.Build.0 = Release|Any CPU
		{58EB7009-60E7-41CC-B9CE-466D10950403}.Debug|Any CPU.ActiveCfg = Debug|Any CPU
		{58EB7009-60E7-41CC-B9CE-466D10950403}.Debug|Any CPU.Build.0 = Debug|Any CPU
		{58EB7009-60E7-41CC-B9CE-466D10950403}.Debug|x86.ActiveCfg = Debug|Any CPU
		{58EB7009-60E7-41CC-B9CE-466D10950403}.Debug|x86.Build.0 = Debug|Any CPU
		{58EB7009-60E7-41CC-B9CE-466D10950403}.Release|Any CPU.ActiveCfg = Release|Any CPU
		{58EB7009-60E7-41CC-B9CE-466D10950403}.Release|Any CPU.Build.0 = Release|Any CPU
		{58EB7009-60E7-41CC-B9CE-466D10950403}.Release|x86.ActiveCfg = Release|Any CPU
		{58EB7009-60E7-41CC-B9CE-466D10950403}.Release|x86.Build.0 = Release|Any CPU
		{03FDEAE4-41C8-4D01-B18F-C2FDC0CF576E}.Debug|Any CPU.ActiveCfg = Debug|Any CPU
		{03FDEAE4-41C8-4D01-B18F-C2FDC0CF576E}.Debug|Any CPU.Build.0 = Debug|Any CPU
		{03FDEAE4-41C8-4D01-B18F-C2FDC0CF576E}.Debug|x86.ActiveCfg = Debug|Any CPU
		{03FDEAE4-41C8-4D01-B18F-C2FDC0CF576E}.Debug|x86.Build.0 = Debug|Any CPU
		{03FDEAE4-41C8-4D01-B18F-C2FDC0CF576E}.Release|Any CPU.ActiveCfg = Release|Any CPU
		{03FDEAE4-41C8-4D01-B18F-C2FDC0CF576E}.Release|Any CPU.Build.0 = Release|Any CPU
		{03FDEAE4-41C8-4D01-B18F-C2FDC0CF576E}.Release|x86.ActiveCfg = Release|Any CPU
		{03FDEAE4-41C8-4D01-B18F-C2FDC0CF576E}.Release|x86.Build.0 = Release|Any CPU
	EndGlobalSection
	GlobalSection(SolutionProperties) = preSolution
		HideSolutionNode = FALSE
	EndGlobalSection
	GlobalSection(NestedProjects) = preSolution
		{86AEFD66-D1B4-4AC1-B7C3-568F6F932770} = {A6781F19-4200-402F-AF3D-D2452C531BF7}
		{58EB7009-60E7-41CC-B9CE-466D10950403} = {5D3A4E0F-5365-49C9-9175-DDC95B3C8B75}
		{03FDEAE4-41C8-4D01-B18F-C2FDC0CF576E} = {952F52C5-BFC8-4208-BB2D-1D8A03AB3EAA}
	EndGlobalSection
	GlobalSection(ExtensibilityGlobals) = postSolution
		SolutionGuid = {68EC1756-3349-42B9-A5AA-0E3CBD700C78}
	EndGlobalSection
EndGlobal
