
Microsoft Visual Studio Solution File, Format Version 12.00
# Visual Studio Version 17
VisualStudioVersion = 17.8.34525.116
MinimumVisualStudioVersion = 10.0.40219.1
Project("{9A19103F-16F7-4668-BE54-9A1E7A4F7556}") = "Infrastucture", "Infrastucture.csproj", "{09B43A0B-F477-471C-A872-9AEF61237909}"
EndProject
Global
	GlobalSection(SolutionConfigurationPlatforms) = preSolution
		Debug|Any CPU = Debug|Any CPU
		Release|Any CPU = Release|Any CPU
	EndGlobalSection
	GlobalSection(ProjectConfigurationPlatforms) = postSolution
		{09B43A0B-F477-471C-A872-9AEF61237909}.Debug|Any CPU.ActiveCfg = Debug|Any CPU
		{09B43A0B-F477-471C-A872-9AEF61237909}.Debug|Any CPU.Build.0 = Debug|Any CPU
		{09B43A0B-F477-471C-A872-9AEF61237909}.Release|Any CPU.ActiveCfg = Release|Any CPU
		{09B43A0B-F477-471C-A872-9AEF61237909}.Release|Any CPU.Build.0 = Release|Any CPU
	EndGlobalSection
	GlobalSection(SolutionProperties) = preSolution
		HideSolutionNode = FALSE
	EndGlobalSection
	GlobalSection(ExtensibilityGlobals) = postSolution
		SolutionGuid = {BF31ADE2-B879-4600-99E2-65AD2AE5CAB8}
	EndGlobalSection
EndGlobal
